// !$*UTF8*$!
{
	archiveVersion = 1;
	classes = {
	};
	objectVersion = 50;
	objects = {

/* Begin PBXBuildFile section */
		CEBD85D42150EBB7007A63DF /* AppDelegate.m in Sources */ = {isa = PBXBuildFile; fileRef = CEBD85D32150EBB7007A63DF /* AppDelegate.m */; };
		CEBD85D72150EBB7007A63DF /* ViewController.m in Sources */ = {isa = PBXBuildFile; fileRef = CEBD85D62150EBB7007A63DF /* ViewController.m */; };
		CEBD85DA2150EBB7007A63DF /* Main.storyboard in Resources */ = {isa = PBXBuildFile; fileRef = CEBD85D82150EBB7007A63DF /* Main.storyboard */; };
		CEBD85DC2150EBB8007A63DF /* Assets.xcassets in Resources */ = {isa = PBXBuildFile; fileRef = CEBD85DB2150EBB8007A63DF /* Assets.xcassets */; };
		CEBD85DF2150EBB8007A63DF /* LaunchScreen.storyboard in Resources */ = {isa = PBXBuildFile; fileRef = CEBD85DD2150EBB8007A63DF /* LaunchScreen.storyboard */; };
		CEBD85E22150EBB8007A63DF /* main.m in Sources */ = {isa = PBXBuildFile; fileRef = CEBD85E12150EBB8007A63DF /* main.m */; };
/* End PBXBuildFile section */

/* Begin PBXFileReference section */
		CEBD85CF2150EBB7007A63DF /* ReverseAndOther.app */ = {isa = PBXFileReference; explicitFileType = wrapper.application; includeInIndex = 0; path = ReverseAndOther.app; sourceTree = BUILT_PRODUCTS_DIR; };
		CEBD85D22150EBB7007A63DF /* AppDelegate.h */ = {isa = PBXFileReference; lastKnownFileType = sourcecode.c.h; path = AppDelegate.h; sourceTree = "<group>"; };
		CEBD85D32150EBB7007A63DF /* AppDelegate.m */ = {isa = PBXFileReference; lastKnownFileType = sourcecode.c.objc; path = AppDelegate.m; sourceTree = "<group>"; };
		CEBD85D52150EBB7007A63DF /* ViewController.h */ = {isa = PBXFileReference; lastKnownFileType = sourcecode.c.h; path = ViewController.h; sourceTree = "<group>"; };
		CEBD85D62150EBB7007A63DF /* ViewController.m */ = {isa = PBXFileReference; lastKnownFileType = sourcecode.c.objc; path = ViewController.m; sourceTree = "<group>"; };
		CEBD85D92150EBB7007A63DF /* Base */ = {isa = PBXFileReference; lastKnownFileType = file.storyboard; name = Base; path = Base.lproj/Main.storyboard; sourceTree = "<group>"; };
		CEBD85DB2150EBB8007A63DF /* Assets.xcassets */ = {isa = PBXFileReference; lastKnownFileType = folder.assetcatalog; path = Assets.xcassets; sourceTree = "<group>"; };
		CEBD85DE2150EBB8007A63DF /* Base */ = {isa = PBXFileReference; lastKnownFileType = file.storyboard; name = Base; path = Base.lproj/LaunchScreen.storyboard; sourceTree = "<group>"; };
		CEBD85E02150EBB8007A63DF /* Info.plist */ = {isa = PBXFileReference; lastKnownFileType = text.plist.xml; path = Info.plist; sourceTree = "<group>"; };
		CEBD85E12150EBB8007A63DF /* main.m */ = {isa = PBXFileReference; lastKnownFileType = sourcecode.c.objc; path = main.m; sourceTree = "<group>"; };
/* End PBXFileReference section */

/* Begin PBXFrameworksBuildPhase section */
		CEBD85CC2150EBB7007A63DF /* Frameworks */ = {
			isa = PBXFrameworksBuildPhase;
			buildActionMask = 2147483647;
			files = (
			);
			runOnlyForDeploymentPostprocessing = 0;
		};
/* End PBXFrameworksBuildPhase section */

/* Begin PBXGroup section */
		CEBD85C62150EBB7007A63DF = {
			isa = PBXGroup;
			children = (
				CEBD85D12150EBB7007A63DF /* ReverseAndOther */,
				CEBD85D02150EBB7007A63DF /* Products */,
			);
			sourceTree = "<group>";
		};
		CEBD85D02150EBB7007A63DF /* Products */ = {
			isa = PBXGroup;
			children = (
				CEBD85CF2150EBB7007A63DF /* ReverseAndOther.app */,
			);
			name = Products;
			sourceTree = "<group>";
		};
		CEBD85D12150EBB7007A63DF /* ReverseAndOther */ = {
			isa = PBXGroup;
			children = (
				CEBD85D22150EBB7007A63DF /* AppDelegate.h */,
				CEBD85D32150EBB7007A63DF /* AppDelegate.m */,
				CEBD85D52150EBB7007A63DF /* ViewController.h */,
				CEBD85D62150EBB7007A63DF /* ViewController.m */,
				CEBD85D82150EBB7007A63DF /* Main.storyboard */,
				CEBD85DB2150EBB8007A63DF /* Assets.xcassets */,
				CEBD85DD2150EBB8007A63DF /* LaunchScreen.storyboard */,
				CEBD85E02150EBB8007A63DF /* Info.plist */,
				CEBD85E12150EBB8007A63DF /* main.m */,
			);
			path = ReverseAndOther;
			sourceTree = "<group>";
		};
/* End PBXGroup section */

/* Begin PBXNativeTarget section */
		CEBD85CE2150EBB7007A63DF /* ReverseAndOther */ = {
			isa = PBXNativeTarget;
			buildConfigurationList = CEBD85E52150EBB8007A63DF /* Build configuration list for PBXNativeTarget "ReverseAndOther" */;
			buildPhases = (
				CEBD85CB2150EBB7007A63DF /* Sources */,
				CEBD85CC2150EBB7007A63DF /* Frameworks */,
				CEBD85CD2150EBB7007A63DF /* Resources */,
			);
			buildRules = (
			);
			dependencies = (
			);
			name = ReverseAndOther;
			productName = ReverseAndOther;
			productReference = CEBD85CF2150EBB7007A63DF /* ReverseAndOther.app */;
			productType = "com.apple.product-type.application";
		};
/* End PBXNativeTarget section */

/* Begin PBXProject section */
		CEBD85C72150EBB7007A63DF /* Project object */ = {
			isa = PBXProject;
			attributes = {
				LastUpgradeCheck = 0940;
				ORGANIZATIONNAME = "Zaur Giyasov";
				TargetAttributes = {
					CEBD85CE2150EBB7007A63DF = {
						CreatedOnToolsVersion = 9.4.1;
					};
				};
			};
			buildConfigurationList = CEBD85CA2150EBB7007A63DF /* Build configuration list for PBXProject "ReverseAndOther" */;
			compatibilityVersion = "Xcode 9.3";
			developmentRegion = en;
			hasScannedForEncodings = 0;
			knownRegions = (
				en,
				Base,
			);
			mainGroup = CEBD85C62150EBB7007A63DF;
			productRefGroup = CEBD85D02150EBB7007A63DF /* Products */;
			projectDirPath = "";
			projectRoot = "";
			targets = (
				CEBD85CE2150EBB7007A63DF /* ReverseAndOther */,
			);
		};
/* End PBXProject section */

/* Begin PBXResourcesBuildPhase section */
		CEBD85CD2150EBB7007A63DF /* Resources */ = {
			isa = PBXResourcesBuildPhase;
			buildActionMask = 2147483647;
			files = (
				CEBD85DF2150EBB8007A63DF /* LaunchScreen.storyboard in Resources */,
				CEBD85DC2150EBB8007A63DF /* Assets.xcassets in Resources */,
				CEBD85DA2150EBB7007A63DF /* Main.storyboard in Resources */,
			);
			runOnlyForDeploymentPostprocessing = 0;
		};
/* End PBXResourcesBuildPhase section */

/* Begin PBXSourcesBuildPhase section */
		CEBD85CB2150EBB7007A63DF /* Sources */ = {
			isa = PBXSourcesBuildPhase;
			buildActionMask = 2147483647;
			files = (
				CEBD85D72150EBB7007A63DF /* ViewController.m in Sources */,
				CEBD85E22150EBB8007A63DF /* main.m in Sources */,
				CEBD85D42150EBB7007A63DF /* AppDelegate.m in Sources */,
			);
			runOnlyForDeploymentPostprocessing = 0;
		};
/* End PBXSourcesBuildPhase section */

/* Begin PBXVariantGroup section */
		CEBD85D82150EBB7007A63DF /* Main.storyboard */ = {
			isa = PBXVariantGroup;
			children = (
				CEBD85D92150EBB7007A63DF /* Base */,
			);
			name = Main.storyboard;
			sourceTree = "<group>";
		};
		CEBD85DD2150EBB8007A63DF /* LaunchScreen.storyboard */ = {
			isa = PBXVariantGroup;
			children = (
				CEBD85DE2150EBB8007A63DF /* Base */,
			);
			name = LaunchScreen.storyboard;
			sourceTree = "<group>";
		};
/* End PBXVariantGroup section */

/* Begin XCBuildConfiguration section */
		CEBD85E32150EBB8007A63DF /* Debug */ = {
			isa = XCBuildConfiguration;
			buildSettings = {
				ALWAYS_SEARCH_USER_PATHS = NO;
				CLANG_ANALYZER_NONNULL = YES;
				CLANG_ANALYZER_NUMBER_OBJECT_CONVERSION = YES_AGGRESSIVE;
				CLANG_CXX_LANGUAGE_STANDARD = "gnu++14";
				CLANG_CXX_LIBRARY = "libc++";
				CLANG_ENABLE_MODULES = YES;
				CLANG_ENABLE_OBJC_ARC = YES;
				CLANG_ENABLE_OBJC_WEAK = YES;
				CLANG_WARN_BLOCK_CAPTURE_AUTORELEASING = YES;
				CLANG_WARN_BOOL_CONVERSION = YES;
				CLANG_WARN_COMMA = YES;
				CLANG_WARN_CONSTANT_CONVERSION = YES;
				CLANG_WARN_DEPRECATED_OBJC_IMPLEMENTATIONS = YES;
				CLANG_WARN_DIRECT_OBJC_ISA_USAGE = YES_ERROR;
				CLANG_WARN_DOCUMENTATION_COMMENTS = YES;
				CLANG_WARN_EMPTY_BODY = YES;
				CLANG_WARN_ENUM_CONVERSION = YES;
				CLANG_WARN_INFINITE_RECURSION = YES;
				CLANG_WARN_INT_CONVERSION = YES;
				CLANG_WARN_NON_LITERAL_NULL_CONVERSION = YES;
				CLANG_WARN_OBJC_IMPLICIT_RETAIN_SELF = YES;
				CLANG_WARN_OBJC_LITERAL_CONVERSION = YES;
				CLANG_WARN_OBJC_ROOT_CLASS = YES_ERROR;
				CLANG_WARN_RANGE_LOOP_ANALYSIS = YES;
				CLANG_WARN_STRICT_PROTOTYPES = YES;
				CLANG_WARN_SUSPICIOUS_MOVE = YES;
				CLANG_WARN_UNGUARDED_AVAILABILITY = YES_AGGRESSIVE;
				CLANG_WARN_UNREACHABLE_CODE = YES;
				CLANG_WARN__DUPLICATE_METHOD_MATCH = YES;
				CODE_SIGN_IDENTITY = "iPhone Developer";
				COPY_PHASE_STRIP = NO;
				DEBUG_INFORMATION_FORMAT = dwarf;
				ENABLE_STRICT_OBJC_MSGSEND = YES;
				ENABLE_TESTABILITY = YES;
				GCC_C_LANGUAGE_STANDARD = gnu11;
				GCC_DYNAMIC_NO_PIC = NO;
				GCC_NO_COMMON_BLOCKS = YES;
				GCC_OPTIMIZATION_LEVEL = 0;
				GCC_PREPROCESSOR_DEFINITIONS = (
					"DEBUG=1",
					"$(inherited)",
				);
				GCC_WARN_64_TO_32_BIT_CONVERSION = YES;
				GCC_WARN_ABOUT_RETURN_TYPE = YES_ERROR;
				GCC_WARN_UNDECLARED_SELECTOR = YES;
				GCC_WARN_UNINITIALIZED_AUTOS = YES_AGGRESSIVE;
				GCC_WARN_UNUSED_FUNCTION = YES;
				GCC_WARN_UNUSED_VARIABLE = YES;
				IPHONEOS_DEPLOYMENT_TARGET = 11.4;
				MTL_ENABLE_DEBUG_INFO = YES;
				ONLY_ACTIVE_ARCH = YES;
				SDKROOT = iphoneos;
			};
			name = Debug;
		};
		CEBD85E42150EBB8007A63DF /* Release */ = {
			isa = XCBuildConfiguration;
			buildSettings = {
				ALWAYS_SEARCH_USER_PATHS = NO;
				CLANG_ANALYZER_NONNULL = YES;
				CLANG_ANALYZER_NUMBER_OBJECT_CONVERSION = YES_AGGRESSIVE;
				CLANG_CXX_LANGUAGE_STANDARD = "gnu++14";
				CLANG_CXX_LIBRARY = "libc++";
				CLANG_ENABLE_MODULES = YES;
				CLANG_ENABLE_OBJC_ARC = YES;
				CLANG_ENABLE_OBJC_WEAK = YES;
				CLANG_WARN_BLOCK_CAPTURE_AUTORELEASING = YES;
				CLANG_WARN_BOOL_CONVERSION = YES;
				CLANG_WARN_COMMA = YES;
				CLANG_WARN_CONSTANT_CONVERSION = YES;
				CLANG_WARN_DEPRECATED_OBJC_IMPLEMENTATIONS = YES;
				CLANG_WARN_DIRECT_OBJC_ISA_USAGE = YES_ERROR;
				CLANG_WARN_DOCUMENTATION_COMMENTS = YES;
				CLANG_WARN_EMPTY_BODY = YES;
				CLANG_WARN_ENUM_CONVERSION = YES;
				CLANG_WARN_INFINITE_RECURSION = YES;
				CLANG_WARN_INT_CONVERSION = YES;
				CLANG_WARN_NON_LITERAL_NULL_CONVERSION = YES;
				CLANG_WARN_OBJC_IMPLICIT_RETAIN_SELF = YES;
				CLANG_WARN_OBJC_LITERAL_CONVERSION = YES;
				CLANG_WARN_OBJC_ROOT_CLASS = YES_ERROR;
				CLANG_WARN_RANGE_LOOP_ANALYSIS = YES;
				CLANG_WARN_STRICT_PROTOTYPES = YES;
				CLANG_WARN_SUSPICIOUS_MOVE = YES;
				CLANG_WARN_UNGUARDED_AVAILABILITY = YES_AGGRESSIVE;
				CLANG_WARN_UNREACHABLE_CODE = YES;
				CLANG_WARN__DUPLICATE_METHOD_MATCH = YES;
				CODE_SIGN_IDENTITY = "iPhone Developer";
				COPY_PHASE_STRIP = NO;
				DEBUG_INFORMATION_FORMAT = "dwarf-with-dsym";
				ENABLE_NS_ASSERTIONS = NO;
				ENABLE_STRICT_OBJC_MSGSEND = YES;
				GCC_C_LANGUAGE_STANDARD = gnu11;
				GCC_NO_COMMON_BLOCKS = YES;
				GCC_WARN_64_TO_32_BIT_CONVERSION = YES;
				GCC_WARN_ABOUT_RETURN_TYPE = YES_ERROR;
				GCC_WARN_UNDECLARED_SELECTOR = YES;
				GCC_WARN_UNINITIALIZED_AUTOS = YES_AGGRESSIVE;
				GCC_WARN_UNUSED_FUNCTION = YES;
				GCC_WARN_UNUSED_VARIABLE = YES;
				IPHONEOS_DEPLOYMENT_TARGET = 11.4;
				MTL_ENABLE_DEBUG_INFO = NO;
				SDKROOT = iphoneos;
				VALIDATE_PRODUCT = YES;
			};
			name = Release;
		};
		CEBD85E62150EBB8007A63DF /* Debug */ = {
			isa = XCBuildConfiguration;
			buildSettings = {
				ASSETCATALOG_COMPILER_APPICON_NAME = AppIcon;
				CODE_SIGN_STYLE = Automatic;
				INFOPLIST_FILE = ReverseAndOther/Info.plist;
				LD_RUNPATH_SEARCH_PATHS = (
					"$(inherited)",
					"@executable_path/Frameworks",
				);
				PRODUCT_BUNDLE_IDENTIFIER = com.rus.nnov.zaurnn.ReverseAndOther;
				PRODUCT_NAME = "$(TARGET_NAME)";
				TARGETED_DEVICE_FAMILY = "1,2";
			};
			name = Debug;
		};
		CEBD85E72150EBB8007A63DF /* Release */ = {
			isa = XCBuildConfiguration;
			buildSettings = {
				ASSETCATALOG_COMPILER_APPICON_NAME = AppIcon;
				CODE_SIGN_STYLE = Automatic;
				INFOPLIST_FILE = ReverseAndOther/Info.plist;
				LD_RUNPATH_SEARCH_PATHS = (
					"$(inherited)",
					"@executable_path/Frameworks",
				);
				PRODUCT_BUNDLE_IDENTIFIER = com.rus.nnov.zaurnn.ReverseAndOther;
				PRODUCT_NAME = "$(TARGET_NAME)";
				TARGETED_DEVICE_FAMILY = "1,2";
			};
			name = Release;
		};
/* End XCBuildConfiguration section */

/* Begin XCConfigurationList section */
		CEBD85CA2150EBB7007A63DF /* Build configuration list for PBXProject "ReverseAndOther" */ = {
			isa = XCConfigurationList;
			buildConfigurations = (
				CEBD85E32150EBB8007A63DF /* Debug */,
				CEBD85E42150EBB8007A63DF /* Release */,
			);
			defaultConfigurationIsVisible = 0;
			defaultConfigurationName = Release;
		};
		CEBD85E52150EBB8007A63DF /* Build configuration list for PBXNativeTarget "ReverseAndOther" */ = {
			isa = XCConfigurationList;
			buildConfigurations = (
				CEBD85E62150EBB8007A63DF /* Debug */,
				CEBD85E72150EBB8007A63DF /* Release */,
			);
			defaultConfigurationIsVisible = 0;
			defaultConfigurationName = Release;
		};
/* End XCConfigurationList section */
	};
	rootObject = CEBD85C72150EBB7007A63DF /* Project object */;
}
